
Microsoft Visual Studio Solution File, Format Version 12.00
# Visual Studio 2012
Project("{FAE04EC0-301F-11D3-BF4B-00C04F79EFBC}") = "01.School", "01.School\01.School.csproj", "{9EC10041-D870-4607-99D7-274BA059435C}"
EndProject
Project("{FAE04EC0-301F-11D3-BF4B-00C04F79EFBC}") = "02.StudentsAndWorkers", "02.StudentsAndWorkers\02.StudentsAndWorkers.csproj", "{AD0DF1E0-FDBA-4691-9D0B-389013F1CFD0}"
EndProject
Project("{FAE04EC0-301F-11D3-BF4B-00C04F79EFBC}") = "03.Animals", "03.Animals\03.Animals.csproj", "{ACA125A8-619B-4013-9556-8E7D726E52D3}"
EndProject
Global
	GlobalSection(SolutionConfigurationPlatforms) = preSolution
		Debug|Any CPU = Debug|Any CPU
		Release|Any CPU = Release|Any CPU
	EndGlobalSection
	GlobalSection(ProjectConfigurationPlatforms) = postSolution
		{9EC10041-D870-4607-99D7-274BA059435C}.Debug|Any CPU.ActiveCfg = Debug|Any CPU
		{9EC10041-D870-4607-99D7-274BA059435C}.Debug|Any CPU.Build.0 = Debug|Any CPU
		{9EC10041-D870-4607-99D7-274BA059435C}.Release|Any CPU.ActiveCfg = Release|Any CPU
		{9EC10041-D870-4607-99D7-274BA059435C}.Release|Any CPU.Build.0 = Release|Any CPU
		{AD0DF1E0-FDBA-4691-9D0B-389013F1CFD0}.Debug|Any CPU.ActiveCfg = Debug|Any CPU
		{AD0DF1E0-FDBA-4691-9D0B-389013F1CFD0}.Debug|Any CPU.Build.0 = Debug|Any CPU
		{AD0DF1E0-FDBA-4691-9D0B-389013F1CFD0}.Release|Any CPU.ActiveCfg = Release|Any CPU
		{AD0DF1E0-FDBA-4691-9D0B-389013F1CFD0}.Release|Any CPU.Build.0 = Release|Any CPU
		{ACA125A8-619B-4013-9556-8E7D726E52D3}.Debug|Any CPU.ActiveCfg = Debug|Any CPU
		{ACA125A8-619B-4013-9556-8E7D726E52D3}.Debug|Any CPU.Build.0 = Debug|Any CPU
		{ACA125A8-619B-4013-9556-8E7D726E52D3}.Release|Any CPU.ActiveCfg = Release|Any CPU
		{ACA125A8-619B-4013-9556-8E7D726E52D3}.Release|Any CPU.Build.0 = Release|Any CPU
	EndGlobalSection
	GlobalSection(SolutionProperties) = preSolution
		HideSolutionNode = FALSE
	EndGlobalSection
EndGlobal
