
Microsoft Visual Studio Solution File, Format Version 12.00
# Visual Studio 2012
Project("{FAE04EC0-301F-11D3-BF4B-00C04F79EFBC}") = "01. ReadIntAndCalcSqrt", "01. ReadIntAndCalcSqrt\01. ReadIntAndCalcSqrt.csproj", "{4E6C4892-0686-4276-A5D6-CB73D5359CE0}"
EndProject
Project("{FAE04EC0-301F-11D3-BF4B-00C04F79EFBC}") = "02. ReadNumInGivenRange", "02. ReadNumInGivenRange\02. ReadNumInGivenRange.csproj", "{0D643581-B164-45B1-B35A-9FB7AA908E41}"
EndProject
Project("{FAE04EC0-301F-11D3-BF4B-00C04F79EFBC}") = "03. ReadAllText", "03. ReadAllText\03. ReadAllText.csproj", "{09483CA6-5C10-430C-9709-22F6384DF3AA}"
EndProject
Project("{FAE04EC0-301F-11D3-BF4B-00C04F79EFBC}") = "04. DownloadAFile", "04. DownloadAFile\04. DownloadAFile.csproj", "{7D774AA6-9A03-4175-9638-8425A5283FF8}"
EndProject
Global
	GlobalSection(SolutionConfigurationPlatforms) = preSolution
		Debug|Any CPU = Debug|Any CPU
		Release|Any CPU = Release|Any CPU
	EndGlobalSection
	GlobalSection(ProjectConfigurationPlatforms) = postSolution
		{4E6C4892-0686-4276-A5D6-CB73D5359CE0}.Debug|Any CPU.ActiveCfg = Debug|Any CPU
		{4E6C4892-0686-4276-A5D6-CB73D5359CE0}.Debug|Any CPU.Build.0 = Debug|Any CPU
		{4E6C4892-0686-4276-A5D6-CB73D5359CE0}.Release|Any CPU.ActiveCfg = Release|Any CPU
		{4E6C4892-0686-4276-A5D6-CB73D5359CE0}.Release|Any CPU.Build.0 = Release|Any CPU
		{0D643581-B164-45B1-B35A-9FB7AA908E41}.Debug|Any CPU.ActiveCfg = Debug|Any CPU
		{0D643581-B164-45B1-B35A-9FB7AA908E41}.Debug|Any CPU.Build.0 = Debug|Any CPU
		{0D643581-B164-45B1-B35A-9FB7AA908E41}.Release|Any CPU.ActiveCfg = Release|Any CPU
		{0D643581-B164-45B1-B35A-9FB7AA908E41}.Release|Any CPU.Build.0 = Release|Any CPU
		{09483CA6-5C10-430C-9709-22F6384DF3AA}.Debug|Any CPU.ActiveCfg = Debug|Any CPU
		{09483CA6-5C10-430C-9709-22F6384DF3AA}.Debug|Any CPU.Build.0 = Debug|Any CPU
		{09483CA6-5C10-430C-9709-22F6384DF3AA}.Release|Any CPU.ActiveCfg = Release|Any CPU
		{09483CA6-5C10-430C-9709-22F6384DF3AA}.Release|Any CPU.Build.0 = Release|Any CPU
		{7D774AA6-9A03-4175-9638-8425A5283FF8}.Debug|Any CPU.ActiveCfg = Debug|Any CPU
		{7D774AA6-9A03-4175-9638-8425A5283FF8}.Debug|Any CPU.Build.0 = Debug|Any CPU
		{7D774AA6-9A03-4175-9638-8425A5283FF8}.Release|Any CPU.ActiveCfg = Release|Any CPU
		{7D774AA6-9A03-4175-9638-8425A5283FF8}.Release|Any CPU.Build.0 = Release|Any CPU
	EndGlobalSection
	GlobalSection(SolutionProperties) = preSolution
		HideSolutionNode = FALSE
	EndGlobalSection
EndGlobal
