
Microsoft Visual Studio Solution File, Format Version 12.00
# Visual Studio 2012
Project("{FAE04EC0-301F-11D3-BF4B-00C04F79EFBC}") = "JustHangmanGame", "JustHangmanGame\JustHangmanGame.csproj", "{C0E946CE-76FC-435B-95DD-E53655713F5A}"
EndProject
Project("{FAE04EC0-301F-11D3-BF4B-00C04F79EFBC}") = "IfElseDemo", "IfElseDemo\IfElseDemo.csproj", "{11F0A958-5593-42A9-82DE-94EB0007399A}"
EndProject
Global
	GlobalSection(SolutionConfigurationPlatforms) = preSolution
		Debug|Any CPU = Debug|Any CPU
		Release|Any CPU = Release|Any CPU
	EndGlobalSection
	GlobalSection(ProjectConfigurationPlatforms) = postSolution
		{C0E946CE-76FC-435B-95DD-E53655713F5A}.Debug|Any CPU.ActiveCfg = Debug|Any CPU
		{C0E946CE-76FC-435B-95DD-E53655713F5A}.Debug|Any CPU.Build.0 = Debug|Any CPU
		{C0E946CE-76FC-435B-95DD-E53655713F5A}.Release|Any CPU.ActiveCfg = Release|Any CPU
		{C0E946CE-76FC-435B-95DD-E53655713F5A}.Release|Any CPU.Build.0 = Release|Any CPU
		{11F0A958-5593-42A9-82DE-94EB0007399A}.Debug|Any CPU.ActiveCfg = Debug|Any CPU
		{11F0A958-5593-42A9-82DE-94EB0007399A}.Debug|Any CPU.Build.0 = Debug|Any CPU
		{11F0A958-5593-42A9-82DE-94EB0007399A}.Release|Any CPU.ActiveCfg = Release|Any CPU
		{11F0A958-5593-42A9-82DE-94EB0007399A}.Release|Any CPU.Build.0 = Release|Any CPU
	EndGlobalSection
	GlobalSection(SolutionProperties) = preSolution
		HideSolutionNode = FALSE
	EndGlobalSection
EndGlobal
