
Microsoft Visual Studio Solution File, Format Version 12.00
# Visual Studio 2012
Project("{FAE04EC0-301F-11D3-BF4B-00C04F79EFBC}") = "02. HTML.Tables", "02. HTML.Tables\02. HTML.Tables.csproj", "{03D24BDC-5339-4785-A12C-4199CEA1F2DE}"
EndProject
Global
	GlobalSection(SolutionConfigurationPlatforms) = preSolution
		Debug|Any CPU = Debug|Any CPU
		Release|Any CPU = Release|Any CPU
	EndGlobalSection
	GlobalSection(ProjectConfigurationPlatforms) = postSolution
		{03D24BDC-5339-4785-A12C-4199CEA1F2DE}.Debug|Any CPU.ActiveCfg = Debug|Any CPU
		{03D24BDC-5339-4785-A12C-4199CEA1F2DE}.Debug|Any CPU.Build.0 = Debug|Any CPU
		{03D24BDC-5339-4785-A12C-4199CEA1F2DE}.Release|Any CPU.ActiveCfg = Release|Any CPU
		{03D24BDC-5339-4785-A12C-4199CEA1F2DE}.Release|Any CPU.Build.0 = Release|Any CPU
	EndGlobalSection
	GlobalSection(SolutionProperties) = preSolution
		HideSolutionNode = FALSE
	EndGlobalSection
EndGlobal
