
Microsoft Visual Studio Solution File, Format Version 12.00
# Visual Studio 2012
Project("{FAE04EC0-301F-11D3-BF4B-00C04F79EFBC}") = "01.SingletonExample", "01.SingletonExample\01.SingletonExample.csproj", "{63CF9DDF-F5F1-4F5B-95CB-D34557817911}"
EndProject
Project("{FAE04EC0-301F-11D3-BF4B-00C04F79EFBC}") = "02.FactoryPatternExample", "02.FactoryPatternExample\02.FactoryPatternExample.csproj", "{0077DBAD-6046-4742-92D8-F847600264D2}"
EndProject
Project("{FAE04EC0-301F-11D3-BF4B-00C04F79EFBC}") = "03.FacadePatternExample", "03.FacadePatternExample\03.FacadePatternExample.csproj", "{4ACC5643-0D1A-44D4-A891-C1FED8D51AD1}"
EndProject
Global
	GlobalSection(SolutionConfigurationPlatforms) = preSolution
		Debug|Any CPU = Debug|Any CPU
		Release|Any CPU = Release|Any CPU
	EndGlobalSection
	GlobalSection(ProjectConfigurationPlatforms) = postSolution
		{63CF9DDF-F5F1-4F5B-95CB-D34557817911}.Debug|Any CPU.ActiveCfg = Debug|Any CPU
		{63CF9DDF-F5F1-4F5B-95CB-D34557817911}.Debug|Any CPU.Build.0 = Debug|Any CPU
		{63CF9DDF-F5F1-4F5B-95CB-D34557817911}.Release|Any CPU.ActiveCfg = Release|Any CPU
		{63CF9DDF-F5F1-4F5B-95CB-D34557817911}.Release|Any CPU.Build.0 = Release|Any CPU
		{0077DBAD-6046-4742-92D8-F847600264D2}.Debug|Any CPU.ActiveCfg = Debug|Any CPU
		{0077DBAD-6046-4742-92D8-F847600264D2}.Debug|Any CPU.Build.0 = Debug|Any CPU
		{0077DBAD-6046-4742-92D8-F847600264D2}.Release|Any CPU.ActiveCfg = Release|Any CPU
		{0077DBAD-6046-4742-92D8-F847600264D2}.Release|Any CPU.Build.0 = Release|Any CPU
		{4ACC5643-0D1A-44D4-A891-C1FED8D51AD1}.Debug|Any CPU.ActiveCfg = Debug|Any CPU
		{4ACC5643-0D1A-44D4-A891-C1FED8D51AD1}.Debug|Any CPU.Build.0 = Debug|Any CPU
		{4ACC5643-0D1A-44D4-A891-C1FED8D51AD1}.Release|Any CPU.ActiveCfg = Release|Any CPU
		{4ACC5643-0D1A-44D4-A891-C1FED8D51AD1}.Release|Any CPU.Build.0 = Release|Any CPU
	EndGlobalSection
	GlobalSection(SolutionProperties) = preSolution
		HideSolutionNode = FALSE
	EndGlobalSection
EndGlobal
