
Microsoft Visual Studio Solution File, Format Version 12.00
# Visual Studio 2012
Project("{FAE04EC0-301F-11D3-BF4B-00C04F79EFBC}") = "03. CSS.Layout", "03. CSS.Layout\03. CSS.Layout.csproj", "{B4E7035A-F7B0-46E5-9358-03A55513DF79}"
EndProject
Global
	GlobalSection(SolutionConfigurationPlatforms) = preSolution
		Debug|Any CPU = Debug|Any CPU
		Release|Any CPU = Release|Any CPU
	EndGlobalSection
	GlobalSection(ProjectConfigurationPlatforms) = postSolution
		{B4E7035A-F7B0-46E5-9358-03A55513DF79}.Debug|Any CPU.ActiveCfg = Debug|Any CPU
		{B4E7035A-F7B0-46E5-9358-03A55513DF79}.Debug|Any CPU.Build.0 = Debug|Any CPU
		{B4E7035A-F7B0-46E5-9358-03A55513DF79}.Release|Any CPU.ActiveCfg = Release|Any CPU
		{B4E7035A-F7B0-46E5-9358-03A55513DF79}.Release|Any CPU.Build.0 = Release|Any CPU
	EndGlobalSection
	GlobalSection(SolutionProperties) = preSolution
		HideSolutionNode = FALSE
	EndGlobalSection
EndGlobal
