// !$*UTF8*$!
{
	archiveVersion = 1;
	classes = {
	};
	objectVersion = 46;
	objects = {

/* Begin PBXBuildFile section */
		019A987A19FFB36A00CFBD9A /* main.m in Sources */ = {isa = PBXBuildFile; fileRef = 019A987919FFB36A00CFBD9A /* main.m */; };
		019A987D19FFB36A00CFBD9A /* AppDelegate.m in Sources */ = {isa = PBXBuildFile; fileRef = 019A987C19FFB36A00CFBD9A /* AppDelegate.m */; };
		019A988019FFB36A00CFBD9A /* ViewController.m in Sources */ = {isa = PBXBuildFile; fileRef = 019A987F19FFB36A00CFBD9A /* ViewController.m */; };
		019A988319FFB36A00CFBD9A /* Main.storyboard in Resources */ = {isa = PBXBuildFile; fileRef = 019A988119FFB36A00CFBD9A /* Main.storyboard */; };
		019A988519FFB36A00CFBD9A /* Images.xcassets in Resources */ = {isa = PBXBuildFile; fileRef = 019A988419FFB36A00CFBD9A /* Images.xcassets */; };
		019A988819FFB36A00CFBD9A /* LaunchScreen.xib in Resources */ = {isa = PBXBuildFile; fileRef = 019A988619FFB36A00CFBD9A /* LaunchScreen.xib */; };
		019A989419FFB36A00CFBD9A /* TipDemoTests.m in Sources */ = {isa = PBXBuildFile; fileRef = 019A989319FFB36A00CFBD9A /* TipDemoTests.m */; };
/* End PBXBuildFile section */

/* Begin PBXContainerItemProxy section */
		019A988E19FFB36A00CFBD9A /* PBXContainerItemProxy */ = {
			isa = PBXContainerItemProxy;
			containerPortal = 019A986C19FFB36900CFBD9A /* Project object */;
			proxyType = 1;
			remoteGlobalIDString = 019A987319FFB36900CFBD9A;
			remoteInfo = TipDemo;
		};
/* End PBXContainerItemProxy section */

/* Begin PBXFileReference section */
		019A987419FFB36900CFBD9A /* TipDemo.app */ = {isa = PBXFileReference; explicitFileType = wrapper.application; includeInIndex = 0; path = TipDemo.app; sourceTree = BUILT_PRODUCTS_DIR; };
		019A987819FFB36A00CFBD9A /* Info.plist */ = {isa = PBXFileReference; lastKnownFileType = text.plist.xml; path = Info.plist; sourceTree = "<group>"; };
		019A987919FFB36A00CFBD9A /* main.m */ = {isa = PBXFileReference; lastKnownFileType = sourcecode.c.objc; path = main.m; sourceTree = "<group>"; };
		019A987B19FFB36A00CFBD9A /* AppDelegate.h */ = {isa = PBXFileReference; lastKnownFileType = sourcecode.c.h; path = AppDelegate.h; sourceTree = "<group>"; };
		019A987C19FFB36A00CFBD9A /* AppDelegate.m */ = {isa = PBXFileReference; lastKnownFileType = sourcecode.c.objc; path = AppDelegate.m; sourceTree = "<group>"; };
		019A987E19FFB36A00CFBD9A /* ViewController.h */ = {isa = PBXFileReference; lastKnownFileType = sourcecode.c.h; path = ViewController.h; sourceTree = "<group>"; };
		019A987F19FFB36A00CFBD9A /* ViewController.m */ = {isa = PBXFileReference; lastKnownFileType = sourcecode.c.objc; path = ViewController.m; sourceTree = "<group>"; };
		019A988219FFB36A00CFBD9A /* Base */ = {isa = PBXFileReference; lastKnownFileType = file.storyboard; name = Base; path = Base.lproj/Main.storyboard; sourceTree = "<group>"; };
		019A988419FFB36A00CFBD9A /* Images.xcassets */ = {isa = PBXFileReference; lastKnownFileType = folder.assetcatalog; path = Images.xcassets; sourceTree = "<group>"; };
		019A988719FFB36A00CFBD9A /* Base */ = {isa = PBXFileReference; lastKnownFileType = file.xib; name = Base; path = Base.lproj/LaunchScreen.xib; sourceTree = "<group>"; };
		019A988D19FFB36A00CFBD9A /* TipDemoTests.xctest */ = {isa = PBXFileReference; explicitFileType = wrapper.cfbundle; includeInIndex = 0; path = TipDemoTests.xctest; sourceTree = BUILT_PRODUCTS_DIR; };
		019A989219FFB36A00CFBD9A /* Info.plist */ = {isa = PBXFileReference; lastKnownFileType = text.plist.xml; path = Info.plist; sourceTree = "<group>"; };
		019A989319FFB36A00CFBD9A /* TipDemoTests.m */ = {isa = PBXFileReference; lastKnownFileType = sourcecode.c.objc; path = TipDemoTests.m; sourceTree = "<group>"; };
/* End PBXFileReference section */

/* Begin PBXFrameworksBuildPhase section */
		019A987119FFB36900CFBD9A /* Frameworks */ = {
			isa = PBXFrameworksBuildPhase;
			buildActionMask = 2147483647;
			files = (
			);
			runOnlyForDeploymentPostprocessing = 0;
		};
		019A988A19FFB36A00CFBD9A /* Frameworks */ = {
			isa = PBXFrameworksBuildPhase;
			buildActionMask = 2147483647;
			files = (
			);
			runOnlyForDeploymentPostprocessing = 0;
		};
/* End PBXFrameworksBuildPhase section */

/* Begin PBXGroup section */
		019A986B19FFB36900CFBD9A = {
			isa = PBXGroup;
			children = (
				019A987619FFB36900CFBD9A /* TipDemo */,
				019A989019FFB36A00CFBD9A /* TipDemoTests */,
				019A987519FFB36900CFBD9A /* Products */,
			);
			sourceTree = "<group>";
		};
		019A987519FFB36900CFBD9A /* Products */ = {
			isa = PBXGroup;
			children = (
				019A987419FFB36900CFBD9A /* TipDemo.app */,
				019A988D19FFB36A00CFBD9A /* TipDemoTests.xctest */,
			);
			name = Products;
			sourceTree = "<group>";
		};
		019A987619FFB36900CFBD9A /* TipDemo */ = {
			isa = PBXGroup;
			children = (
				019A987B19FFB36A00CFBD9A /* AppDelegate.h */,
				019A987C19FFB36A00CFBD9A /* AppDelegate.m */,
				019A987E19FFB36A00CFBD9A /* ViewController.h */,
				019A987F19FFB36A00CFBD9A /* ViewController.m */,
				019A988119FFB36A00CFBD9A /* Main.storyboard */,
				019A988419FFB36A00CFBD9A /* Images.xcassets */,
				019A988619FFB36A00CFBD9A /* LaunchScreen.xib */,
				019A987719FFB36900CFBD9A /* Supporting Files */,
			);
			path = TipDemo;
			sourceTree = "<group>";
		};
		019A987719FFB36900CFBD9A /* Supporting Files */ = {
			isa = PBXGroup;
			children = (
				019A987819FFB36A00CFBD9A /* Info.plist */,
				019A987919FFB36A00CFBD9A /* main.m */,
			);
			name = "Supporting Files";
			sourceTree = "<group>";
		};
		019A989019FFB36A00CFBD9A /* TipDemoTests */ = {
			isa = PBXGroup;
			children = (
				019A989319FFB36A00CFBD9A /* TipDemoTests.m */,
				019A989119FFB36A00CFBD9A /* Supporting Files */,
			);
			path = TipDemoTests;
			sourceTree = "<group>";
		};
		019A989119FFB36A00CFBD9A /* Supporting Files */ = {
			isa = PBXGroup;
			children = (
				019A989219FFB36A00CFBD9A /* Info.plist */,
			);
			name = "Supporting Files";
			sourceTree = "<group>";
		};
/* End PBXGroup section */

/* Begin PBXNativeTarget section */
		019A987319FFB36900CFBD9A /* TipDemo */ = {
			isa = PBXNativeTarget;
			buildConfigurationList = 019A989719FFB36A00CFBD9A /* Build configuration list for PBXNativeTarget "TipDemo" */;
			buildPhases = (
				019A987019FFB36900CFBD9A /* Sources */,
				019A987119FFB36900CFBD9A /* Frameworks */,
				019A987219FFB36900CFBD9A /* Resources */,
			);
			buildRules = (
			);
			dependencies = (
			);
			name = TipDemo;
			productName = TipDemo;
			productReference = 019A987419FFB36900CFBD9A /* TipDemo.app */;
			productType = "com.apple.product-type.application";
		};
		019A988C19FFB36A00CFBD9A /* TipDemoTests */ = {
			isa = PBXNativeTarget;
			buildConfigurationList = 019A989A19FFB36A00CFBD9A /* Build configuration list for PBXNativeTarget "TipDemoTests" */;
			buildPhases = (
				019A988919FFB36A00CFBD9A /* Sources */,
				019A988A19FFB36A00CFBD9A /* Frameworks */,
				019A988B19FFB36A00CFBD9A /* Resources */,
			);
			buildRules = (
			);
			dependencies = (
				019A988F19FFB36A00CFBD9A /* PBXTargetDependency */,
			);
			name = TipDemoTests;
			productName = TipDemoTests;
			productReference = 019A988D19FFB36A00CFBD9A /* TipDemoTests.xctest */;
			productType = "com.apple.product-type.bundle.unit-test";
		};
/* End PBXNativeTarget section */

/* Begin PBXProject section */
		019A986C19FFB36900CFBD9A /* Project object */ = {
			isa = PBXProject;
			attributes = {
				LastUpgradeCheck = 0610;
				ORGANIZATIONNAME = "Nikolay Kichev";
				TargetAttributes = {
					019A987319FFB36900CFBD9A = {
						CreatedOnToolsVersion = 6.1;
					};
					019A988C19FFB36A00CFBD9A = {
						CreatedOnToolsVersion = 6.1;
						TestTargetID = 019A987319FFB36900CFBD9A;
					};
				};
			};
			buildConfigurationList = 019A986F19FFB36900CFBD9A /* Build configuration list for PBXProject "TipDemo" */;
			compatibilityVersion = "Xcode 3.2";
			developmentRegion = English;
			hasScannedForEncodings = 0;
			knownRegions = (
				en,
				Base,
			);
			mainGroup = 019A986B19FFB36900CFBD9A;
			productRefGroup = 019A987519FFB36900CFBD9A /* Products */;
			projectDirPath = "";
			projectRoot = "";
			targets = (
				019A987319FFB36900CFBD9A /* TipDemo */,
				019A988C19FFB36A00CFBD9A /* TipDemoTests */,
			);
		};
/* End PBXProject section */

/* Begin PBXResourcesBuildPhase section */
		019A987219FFB36900CFBD9A /* Resources */ = {
			isa = PBXResourcesBuildPhase;
			buildActionMask = 2147483647;
			files = (
				019A988319FFB36A00CFBD9A /* Main.storyboard in Resources */,
				019A988819FFB36A00CFBD9A /* LaunchScreen.xib in Resources */,
				019A988519FFB36A00CFBD9A /* Images.xcassets in Resources */,
			);
			runOnlyForDeploymentPostprocessing = 0;
		};
		019A988B19FFB36A00CFBD9A /* Resources */ = {
			isa = PBXResourcesBuildPhase;
			buildActionMask = 2147483647;
			files = (
			);
			runOnlyForDeploymentPostprocessing = 0;
		};
/* End PBXResourcesBuildPhase section */

/* Begin PBXSourcesBuildPhase section */
		019A987019FFB36900CFBD9A /* Sources */ = {
			isa = PBXSourcesBuildPhase;
			buildActionMask = 2147483647;
			files = (
				019A988019FFB36A00CFBD9A /* ViewController.m in Sources */,
				019A987D19FFB36A00CFBD9A /* AppDelegate.m in Sources */,
				019A987A19FFB36A00CFBD9A /* main.m in Sources */,
			);
			runOnlyForDeploymentPostprocessing = 0;
		};
		019A988919FFB36A00CFBD9A /* Sources */ = {
			isa = PBXSourcesBuildPhase;
			buildActionMask = 2147483647;
			files = (
				019A989419FFB36A00CFBD9A /* TipDemoTests.m in Sources */,
			);
			runOnlyForDeploymentPostprocessing = 0;
		};
/* End PBXSourcesBuildPhase section */

/* Begin PBXTargetDependency section */
		019A988F19FFB36A00CFBD9A /* PBXTargetDependency */ = {
			isa = PBXTargetDependency;
			target = 019A987319FFB36900CFBD9A /* TipDemo */;
			targetProxy = 019A988E19FFB36A00CFBD9A /* PBXContainerItemProxy */;
		};
/* End PBXTargetDependency section */

/* Begin PBXVariantGroup section */
		019A988119FFB36A00CFBD9A /* Main.storyboard */ = {
			isa = PBXVariantGroup;
			children = (
				019A988219FFB36A00CFBD9A /* Base */,
			);
			name = Main.storyboard;
			sourceTree = "<group>";
		};
		019A988619FFB36A00CFBD9A /* LaunchScreen.xib */ = {
			isa = PBXVariantGroup;
			children = (
				019A988719FFB36A00CFBD9A /* Base */,
			);
			name = LaunchScreen.xib;
			sourceTree = "<group>";
		};
/* End PBXVariantGroup section */

/* Begin XCBuildConfiguration section */
		019A989519FFB36A00CFBD9A /* Debug */ = {
			isa = XCBuildConfiguration;
			buildSettings = {
				ALWAYS_SEARCH_USER_PATHS = NO;
				CLANG_CXX_LANGUAGE_STANDARD = "gnu++0x";
				CLANG_CXX_LIBRARY = "libc++";
				CLANG_ENABLE_MODULES = YES;
				CLANG_ENABLE_OBJC_ARC = YES;
				CLANG_WARN_BOOL_CONVERSION = YES;
				CLANG_WARN_CONSTANT_CONVERSION = YES;
				CLANG_WARN_DIRECT_OBJC_ISA_USAGE = YES_ERROR;
				CLANG_WARN_EMPTY_BODY = YES;
				CLANG_WARN_ENUM_CONVERSION = YES;
				CLANG_WARN_INT_CONVERSION = YES;
				CLANG_WARN_OBJC_ROOT_CLASS = YES_ERROR;
				CLANG_WARN_UNREACHABLE_CODE = YES;
				CLANG_WARN__DUPLICATE_METHOD_MATCH = YES;
				"CODE_SIGN_IDENTITY[sdk=iphoneos*]" = "iPhone Developer";
				COPY_PHASE_STRIP = NO;
				ENABLE_STRICT_OBJC_MSGSEND = YES;
				GCC_C_LANGUAGE_STANDARD = gnu99;
				GCC_DYNAMIC_NO_PIC = NO;
				GCC_OPTIMIZATION_LEVEL = 0;
				GCC_PREPROCESSOR_DEFINITIONS = (
					"DEBUG=1",
					"$(inherited)",
				);
				GCC_SYMBOLS_PRIVATE_EXTERN = NO;
				GCC_WARN_64_TO_32_BIT_CONVERSION = YES;
				GCC_WARN_ABOUT_RETURN_TYPE = YES_ERROR;
				GCC_WARN_UNDECLARED_SELECTOR = YES;
				GCC_WARN_UNINITIALIZED_AUTOS = YES_AGGRESSIVE;
				GCC_WARN_UNUSED_FUNCTION = YES;
				GCC_WARN_UNUSED_VARIABLE = YES;
				IPHONEOS_DEPLOYMENT_TARGET = 8.1;
				MTL_ENABLE_DEBUG_INFO = YES;
				ONLY_ACTIVE_ARCH = YES;
				SDKROOT = iphoneos;
			};
			name = Debug;
		};
		019A989619FFB36A00CFBD9A /* Release */ = {
			isa = XCBuildConfiguration;
			buildSettings = {
				ALWAYS_SEARCH_USER_PATHS = NO;
				CLANG_CXX_LANGUAGE_STANDARD = "gnu++0x";
				CLANG_CXX_LIBRARY = "libc++";
				CLANG_ENABLE_MODULES = YES;
				CLANG_ENABLE_OBJC_ARC = YES;
				CLANG_WARN_BOOL_CONVERSION = YES;
				CLANG_WARN_CONSTANT_CONVERSION = YES;
				CLANG_WARN_DIRECT_OBJC_ISA_USAGE = YES_ERROR;
				CLANG_WARN_EMPTY_BODY = YES;
				CLANG_WARN_ENUM_CONVERSION = YES;
				CLANG_WARN_INT_CONVERSION = YES;
				CLANG_WARN_OBJC_ROOT_CLASS = YES_ERROR;
				CLANG_WARN_UNREACHABLE_CODE = YES;
				CLANG_WARN__DUPLICATE_METHOD_MATCH = YES;
				"CODE_SIGN_IDENTITY[sdk=iphoneos*]" = "iPhone Developer";
				COPY_PHASE_STRIP = YES;
				ENABLE_NS_ASSERTIONS = NO;
				ENABLE_STRICT_OBJC_MSGSEND = YES;
				GCC_C_LANGUAGE_STANDARD = gnu99;
				GCC_WARN_64_TO_32_BIT_CONVERSION = YES;
				GCC_WARN_ABOUT_RETURN_TYPE = YES_ERROR;
				GCC_WARN_UNDECLARED_SELECTOR = YES;
				GCC_WARN_UNINITIALIZED_AUTOS = YES_AGGRESSIVE;
				GCC_WARN_UNUSED_FUNCTION = YES;
				GCC_WARN_UNUSED_VARIABLE = YES;
				IPHONEOS_DEPLOYMENT_TARGET = 8.1;
				MTL_ENABLE_DEBUG_INFO = NO;
				SDKROOT = iphoneos;
				VALIDATE_PRODUCT = YES;
			};
			name = Release;
		};
		019A989819FFB36A00CFBD9A /* Debug */ = {
			isa = XCBuildConfiguration;
			buildSettings = {
				ASSETCATALOG_COMPILER_APPICON_NAME = AppIcon;
				INFOPLIST_FILE = TipDemo/Info.plist;
				LD_RUNPATH_SEARCH_PATHS = "$(inherited) @executable_path/Frameworks";
				PRODUCT_NAME = "$(TARGET_NAME)";
			};
			name = Debug;
		};
		019A989919FFB36A00CFBD9A /* Release */ = {
			isa = XCBuildConfiguration;
			buildSettings = {
				ASSETCATALOG_COMPILER_APPICON_NAME = AppIcon;
				INFOPLIST_FILE = TipDemo/Info.plist;
				LD_RUNPATH_SEARCH_PATHS = "$(inherited) @executable_path/Frameworks";
				PRODUCT_NAME = "$(TARGET_NAME)";
			};
			name = Release;
		};
		019A989B19FFB36A00CFBD9A /* Debug */ = {
			isa = XCBuildConfiguration;
			buildSettings = {
				BUNDLE_LOADER = "$(TEST_HOST)";
				FRAMEWORK_SEARCH_PATHS = (
					"$(SDKROOT)/Developer/Library/Frameworks",
					"$(inherited)",
				);
				GCC_PREPROCESSOR_DEFINITIONS = (
					"DEBUG=1",
					"$(inherited)",
				);
				INFOPLIST_FILE = TipDemoTests/Info.plist;
				LD_RUNPATH_SEARCH_PATHS = "$(inherited) @executable_path/Frameworks @loader_path/Frameworks";
				PRODUCT_NAME = "$(TARGET_NAME)";
				TEST_HOST = "$(BUILT_PRODUCTS_DIR)/TipDemo.app/TipDemo";
			};
			name = Debug;
		};
		019A989C19FFB36A00CFBD9A /* Release */ = {
			isa = XCBuildConfiguration;
			buildSettings = {
				BUNDLE_LOADER = "$(TEST_HOST)";
				FRAMEWORK_SEARCH_PATHS = (
					"$(SDKROOT)/Developer/Library/Frameworks",
					"$(inherited)",
				);
				INFOPLIST_FILE = TipDemoTests/Info.plist;
				LD_RUNPATH_SEARCH_PATHS = "$(inherited) @executable_path/Frameworks @loader_path/Frameworks";
				PRODUCT_NAME = "$(TARGET_NAME)";
				TEST_HOST = "$(BUILT_PRODUCTS_DIR)/TipDemo.app/TipDemo";
			};
			name = Release;
		};
/* End XCBuildConfiguration section */

/* Begin XCConfigurationList section */
		019A986F19FFB36900CFBD9A /* Build configuration list for PBXProject "TipDemo" */ = {
			isa = XCConfigurationList;
			buildConfigurations = (
				019A989519FFB36A00CFBD9A /* Debug */,
				019A989619FFB36A00CFBD9A /* Release */,
			);
			defaultConfigurationIsVisible = 0;
			defaultConfigurationName = Release;
		};
		019A989719FFB36A00CFBD9A /* Build configuration list for PBXNativeTarget "TipDemo" */ = {
			isa = XCConfigurationList;
			buildConfigurations = (
				019A989819FFB36A00CFBD9A /* Debug */,
				019A989919FFB36A00CFBD9A /* Release */,
			);
			defaultConfigurationIsVisible = 0;
		};
		019A989A19FFB36A00CFBD9A /* Build configuration list for PBXNativeTarget "TipDemoTests" */ = {
			isa = XCConfigurationList;
			buildConfigurations = (
				019A989B19FFB36A00CFBD9A /* Debug */,
				019A989C19FFB36A00CFBD9A /* Release */,
			);
			defaultConfigurationIsVisible = 0;
		};
/* End XCConfigurationList section */
	};
	rootObject = 019A986C19FFB36900CFBD9A /* Project object */;
}
