
Microsoft Visual Studio Solution File, Format Version 12.00
# Visual Studio 2012
Project("{FAE04EC0-301F-11D3-BF4B-00C04F79EFBC}") = "01. MEAN", "01. MEAN\01. MEAN.csproj", "{11F9DEC1-1A36-4DEE-AB36-5F38B8ACCD29}"
EndProject
Project("{FAE04EC0-301F-11D3-BF4B-00C04F79EFBC}") = "Windows8StartScreen", "Windows8StartScreen\Windows8StartScreen.csproj", "{4B2F82B4-8DC5-4951-9107-D6C0EEDFA4E9}"
EndProject
Project("{FAE04EC0-301F-11D3-BF4B-00C04F79EFBC}") = "03. SVG.DOM.API", "03. SVG.DOM.API\03. SVG.DOM.API.csproj", "{0A668D26-0F8D-49AB-9FB8-F9EC3127AA1E}"
EndProject
Global
	GlobalSection(SolutionConfigurationPlatforms) = preSolution
		Debug|Any CPU = Debug|Any CPU
		Release|Any CPU = Release|Any CPU
	EndGlobalSection
	GlobalSection(ProjectConfigurationPlatforms) = postSolution
		{11F9DEC1-1A36-4DEE-AB36-5F38B8ACCD29}.Debug|Any CPU.ActiveCfg = Debug|Any CPU
		{11F9DEC1-1A36-4DEE-AB36-5F38B8ACCD29}.Debug|Any CPU.Build.0 = Debug|Any CPU
		{11F9DEC1-1A36-4DEE-AB36-5F38B8ACCD29}.Release|Any CPU.ActiveCfg = Release|Any CPU
		{11F9DEC1-1A36-4DEE-AB36-5F38B8ACCD29}.Release|Any CPU.Build.0 = Release|Any CPU
		{4B2F82B4-8DC5-4951-9107-D6C0EEDFA4E9}.Debug|Any CPU.ActiveCfg = Debug|Any CPU
		{4B2F82B4-8DC5-4951-9107-D6C0EEDFA4E9}.Debug|Any CPU.Build.0 = Debug|Any CPU
		{4B2F82B4-8DC5-4951-9107-D6C0EEDFA4E9}.Release|Any CPU.ActiveCfg = Release|Any CPU
		{4B2F82B4-8DC5-4951-9107-D6C0EEDFA4E9}.Release|Any CPU.Build.0 = Release|Any CPU
		{0A668D26-0F8D-49AB-9FB8-F9EC3127AA1E}.Debug|Any CPU.ActiveCfg = Debug|Any CPU
		{0A668D26-0F8D-49AB-9FB8-F9EC3127AA1E}.Debug|Any CPU.Build.0 = Debug|Any CPU
		{0A668D26-0F8D-49AB-9FB8-F9EC3127AA1E}.Release|Any CPU.ActiveCfg = Release|Any CPU
		{0A668D26-0F8D-49AB-9FB8-F9EC3127AA1E}.Release|Any CPU.Build.0 = Release|Any CPU
	EndGlobalSection
	GlobalSection(SolutionProperties) = preSolution
		HideSolutionNode = FALSE
	EndGlobalSection
EndGlobal
