
Microsoft Visual Studio Solution File, Format Version 12.00
# Visual Studio 2012
Project("{FAE04EC0-301F-11D3-BF4B-00C04F79EFBC}") = "01. SliderControl", "01. SliderControl\01. SliderControl.csproj", "{6531F82D-842D-4232-802E-4FCA55D7F60E}"
EndProject
Project("{FAE04EC0-301F-11D3-BF4B-00C04F79EFBC}") = "02. InsertBeforeAfter", "02. InsertBeforeAfter\02. InsertBeforeAfter.csproj", "{C68A686D-97D0-4CC9-897C-41E80F42415F}"
EndProject
Project("{FAE04EC0-301F-11D3-BF4B-00C04F79EFBC}") = "03. GenerateTable", "03. GenerateTable\03. GenerateTable.csproj", "{FC415225-AD12-41A0-A9DB-4E0DD9FB5677}"
EndProject
Project("{FAE04EC0-301F-11D3-BF4B-00C04F79EFBC}") = "04. SetBackgroundColor", "04. SetBackgroundColor\04. SetBackgroundColor.csproj", "{6E442586-A39A-4D69-96DF-94687217A33D}"
EndProject
Global
	GlobalSection(SolutionConfigurationPlatforms) = preSolution
		Debug|Any CPU = Debug|Any CPU
		Release|Any CPU = Release|Any CPU
	EndGlobalSection
	GlobalSection(ProjectConfigurationPlatforms) = postSolution
		{6531F82D-842D-4232-802E-4FCA55D7F60E}.Debug|Any CPU.ActiveCfg = Debug|Any CPU
		{6531F82D-842D-4232-802E-4FCA55D7F60E}.Debug|Any CPU.Build.0 = Debug|Any CPU
		{6531F82D-842D-4232-802E-4FCA55D7F60E}.Release|Any CPU.ActiveCfg = Release|Any CPU
		{6531F82D-842D-4232-802E-4FCA55D7F60E}.Release|Any CPU.Build.0 = Release|Any CPU
		{C68A686D-97D0-4CC9-897C-41E80F42415F}.Debug|Any CPU.ActiveCfg = Debug|Any CPU
		{C68A686D-97D0-4CC9-897C-41E80F42415F}.Debug|Any CPU.Build.0 = Debug|Any CPU
		{C68A686D-97D0-4CC9-897C-41E80F42415F}.Release|Any CPU.ActiveCfg = Release|Any CPU
		{C68A686D-97D0-4CC9-897C-41E80F42415F}.Release|Any CPU.Build.0 = Release|Any CPU
		{FC415225-AD12-41A0-A9DB-4E0DD9FB5677}.Debug|Any CPU.ActiveCfg = Debug|Any CPU
		{FC415225-AD12-41A0-A9DB-4E0DD9FB5677}.Debug|Any CPU.Build.0 = Debug|Any CPU
		{FC415225-AD12-41A0-A9DB-4E0DD9FB5677}.Release|Any CPU.ActiveCfg = Release|Any CPU
		{FC415225-AD12-41A0-A9DB-4E0DD9FB5677}.Release|Any CPU.Build.0 = Release|Any CPU
		{6E442586-A39A-4D69-96DF-94687217A33D}.Debug|Any CPU.ActiveCfg = Debug|Any CPU
		{6E442586-A39A-4D69-96DF-94687217A33D}.Debug|Any CPU.Build.0 = Debug|Any CPU
		{6E442586-A39A-4D69-96DF-94687217A33D}.Release|Any CPU.ActiveCfg = Release|Any CPU
		{6E442586-A39A-4D69-96DF-94687217A33D}.Release|Any CPU.Build.0 = Release|Any CPU
	EndGlobalSection
	GlobalSection(SolutionProperties) = preSolution
		HideSolutionNode = FALSE
	EndGlobalSection
EndGlobal
