
Microsoft Visual Studio Solution File, Format Version 12.00
# Visual Studio 2012
Project("{FAE04EC0-301F-11D3-BF4B-00C04F79EFBC}") = "VarsDataExpressionsConsts", "05. Vars-Data-Expressions-Consts\VarsDataExpressionsConsts.csproj", "{F625F437-E969-41A1-98AC-DC96EE8FF015}"
EndProject
Global
	GlobalSection(SolutionConfigurationPlatforms) = preSolution
		Debug|Any CPU = Debug|Any CPU
		Release|Any CPU = Release|Any CPU
	EndGlobalSection
	GlobalSection(ProjectConfigurationPlatforms) = postSolution
		{F625F437-E969-41A1-98AC-DC96EE8FF015}.Debug|Any CPU.ActiveCfg = Debug|Any CPU
		{F625F437-E969-41A1-98AC-DC96EE8FF015}.Debug|Any CPU.Build.0 = Debug|Any CPU
		{F625F437-E969-41A1-98AC-DC96EE8FF015}.Release|Any CPU.ActiveCfg = Release|Any CPU
		{F625F437-E969-41A1-98AC-DC96EE8FF015}.Release|Any CPU.Build.0 = Release|Any CPU
	EndGlobalSection
	GlobalSection(SolutionProperties) = preSolution
		HideSolutionNode = FALSE
	EndGlobalSection
EndGlobal
