
Microsoft Visual Studio Solution File, Format Version 12.00
# Visual Studio 2012
Project("{FAE04EC0-301F-11D3-BF4B-00C04F79EFBC}") = "MathExpression", "MathExpression\MathExpression.csproj", "{B9FDBB53-93C4-4F1C-AB78-48F6B131CB94}"
EndProject
Project("{FAE04EC0-301F-11D3-BF4B-00C04F79EFBC}") = "SevenLandNumbers", "SevenLandNumbers\SevenLandNumbers.csproj", "{8FDE0FF6-6D18-4CFF-8F46-A541DB26222D}"
EndProject
Global
	GlobalSection(SolutionConfigurationPlatforms) = preSolution
		Debug|Any CPU = Debug|Any CPU
		Release|Any CPU = Release|Any CPU
	EndGlobalSection
	GlobalSection(ProjectConfigurationPlatforms) = postSolution
		{B9FDBB53-93C4-4F1C-AB78-48F6B131CB94}.Debug|Any CPU.ActiveCfg = Debug|Any CPU
		{B9FDBB53-93C4-4F1C-AB78-48F6B131CB94}.Debug|Any CPU.Build.0 = Debug|Any CPU
		{B9FDBB53-93C4-4F1C-AB78-48F6B131CB94}.Release|Any CPU.ActiveCfg = Release|Any CPU
		{B9FDBB53-93C4-4F1C-AB78-48F6B131CB94}.Release|Any CPU.Build.0 = Release|Any CPU
		{8FDE0FF6-6D18-4CFF-8F46-A541DB26222D}.Debug|Any CPU.ActiveCfg = Debug|Any CPU
		{8FDE0FF6-6D18-4CFF-8F46-A541DB26222D}.Debug|Any CPU.Build.0 = Debug|Any CPU
		{8FDE0FF6-6D18-4CFF-8F46-A541DB26222D}.Release|Any CPU.ActiveCfg = Release|Any CPU
		{8FDE0FF6-6D18-4CFF-8F46-A541DB26222D}.Release|Any CPU.Build.0 = Release|Any CPU
	EndGlobalSection
	GlobalSection(SolutionProperties) = preSolution
		HideSolutionNode = FALSE
	EndGlobalSection
EndGlobal
