// !$*UTF8*$!
{
	archiveVersion = 1;
	classes = {
	};
	objectVersion = 46;
	objects = {

/* Begin PBXBuildFile section */
		01D215C119F9A33200D27B32 /* main.m in Sources */ = {isa = PBXBuildFile; fileRef = 01D215C019F9A33200D27B32 /* main.m */; };
		01D215C919F9A39100D27B32 /* TODO.m in Sources */ = {isa = PBXBuildFile; fileRef = 01D215C819F9A39100D27B32 /* TODO.m */; };
		01D215CC19F9A4FA00D27B32 /* TODOsManager.m in Sources */ = {isa = PBXBuildFile; fileRef = 01D215CB19F9A4FA00D27B32 /* TODOsManager.m */; };
/* End PBXBuildFile section */

/* Begin PBXCopyFilesBuildPhase section */
		01D215BB19F9A33200D27B32 /* CopyFiles */ = {
			isa = PBXCopyFilesBuildPhase;
			buildActionMask = 2147483647;
			dstPath = /usr/share/man/man1/;
			dstSubfolderSpec = 0;
			files = (
			);
			runOnlyForDeploymentPostprocessing = 1;
		};
/* End PBXCopyFilesBuildPhase section */

/* Begin PBXFileReference section */
		01D215BD19F9A33200D27B32 /* 02.TODOs */ = {isa = PBXFileReference; explicitFileType = "compiled.mach-o.executable"; includeInIndex = 0; path = 02.TODOs; sourceTree = BUILT_PRODUCTS_DIR; };
		01D215C019F9A33200D27B32 /* main.m */ = {isa = PBXFileReference; lastKnownFileType = sourcecode.c.objc; path = main.m; sourceTree = "<group>"; };
		01D215C719F9A39100D27B32 /* TODO.h */ = {isa = PBXFileReference; fileEncoding = 4; lastKnownFileType = sourcecode.c.h; path = TODO.h; sourceTree = "<group>"; };
		01D215C819F9A39100D27B32 /* TODO.m */ = {isa = PBXFileReference; fileEncoding = 4; lastKnownFileType = sourcecode.c.objc; path = TODO.m; sourceTree = "<group>"; };
		01D215CA19F9A4FA00D27B32 /* TODOsManager.h */ = {isa = PBXFileReference; fileEncoding = 4; lastKnownFileType = sourcecode.c.h; path = TODOsManager.h; sourceTree = "<group>"; };
		01D215CB19F9A4FA00D27B32 /* TODOsManager.m */ = {isa = PBXFileReference; fileEncoding = 4; lastKnownFileType = sourcecode.c.objc; path = TODOsManager.m; sourceTree = "<group>"; };
/* End PBXFileReference section */

/* Begin PBXFrameworksBuildPhase section */
		01D215BA19F9A33200D27B32 /* Frameworks */ = {
			isa = PBXFrameworksBuildPhase;
			buildActionMask = 2147483647;
			files = (
			);
			runOnlyForDeploymentPostprocessing = 0;
		};
/* End PBXFrameworksBuildPhase section */

/* Begin PBXGroup section */
		01D215B419F9A33200D27B32 = {
			isa = PBXGroup;
			children = (
				01D215BF19F9A33200D27B32 /* 02.TODOs */,
				01D215BE19F9A33200D27B32 /* Products */,
			);
			sourceTree = "<group>";
		};
		01D215BE19F9A33200D27B32 /* Products */ = {
			isa = PBXGroup;
			children = (
				01D215BD19F9A33200D27B32 /* 02.TODOs */,
			);
			name = Products;
			sourceTree = "<group>";
		};
		01D215BF19F9A33200D27B32 /* 02.TODOs */ = {
			isa = PBXGroup;
			children = (
				01D215C019F9A33200D27B32 /* main.m */,
				01D215C719F9A39100D27B32 /* TODO.h */,
				01D215C819F9A39100D27B32 /* TODO.m */,
				01D215CA19F9A4FA00D27B32 /* TODOsManager.h */,
				01D215CB19F9A4FA00D27B32 /* TODOsManager.m */,
			);
			path = 02.TODOs;
			sourceTree = "<group>";
		};
/* End PBXGroup section */

/* Begin PBXNativeTarget section */
		01D215BC19F9A33200D27B32 /* 02.TODOs */ = {
			isa = PBXNativeTarget;
			buildConfigurationList = 01D215C419F9A33200D27B32 /* Build configuration list for PBXNativeTarget "02.TODOs" */;
			buildPhases = (
				01D215B919F9A33200D27B32 /* Sources */,
				01D215BA19F9A33200D27B32 /* Frameworks */,
				01D215BB19F9A33200D27B32 /* CopyFiles */,
			);
			buildRules = (
			);
			dependencies = (
			);
			name = 02.TODOs;
			productName = 02.TODOs;
			productReference = 01D215BD19F9A33200D27B32 /* 02.TODOs */;
			productType = "com.apple.product-type.tool";
		};
/* End PBXNativeTarget section */

/* Begin PBXProject section */
		01D215B519F9A33200D27B32 /* Project object */ = {
			isa = PBXProject;
			attributes = {
				LastUpgradeCheck = 0610;
				ORGANIZATIONNAME = "Nikolay Kichev";
				TargetAttributes = {
					01D215BC19F9A33200D27B32 = {
						CreatedOnToolsVersion = 6.1;
					};
				};
			};
			buildConfigurationList = 01D215B819F9A33200D27B32 /* Build configuration list for PBXProject "02.TODOs" */;
			compatibilityVersion = "Xcode 3.2";
			developmentRegion = English;
			hasScannedForEncodings = 0;
			knownRegions = (
				en,
			);
			mainGroup = 01D215B419F9A33200D27B32;
			productRefGroup = 01D215BE19F9A33200D27B32 /* Products */;
			projectDirPath = "";
			projectRoot = "";
			targets = (
				01D215BC19F9A33200D27B32 /* 02.TODOs */,
			);
		};
/* End PBXProject section */

/* Begin PBXSourcesBuildPhase section */
		01D215B919F9A33200D27B32 /* Sources */ = {
			isa = PBXSourcesBuildPhase;
			buildActionMask = 2147483647;
			files = (
				01D215C119F9A33200D27B32 /* main.m in Sources */,
				01D215CC19F9A4FA00D27B32 /* TODOsManager.m in Sources */,
				01D215C919F9A39100D27B32 /* TODO.m in Sources */,
			);
			runOnlyForDeploymentPostprocessing = 0;
		};
/* End PBXSourcesBuildPhase section */

/* Begin XCBuildConfiguration section */
		01D215C219F9A33200D27B32 /* Debug */ = {
			isa = XCBuildConfiguration;
			buildSettings = {
				ALWAYS_SEARCH_USER_PATHS = NO;
				CLANG_CXX_LANGUAGE_STANDARD = "gnu++0x";
				CLANG_CXX_LIBRARY = "libc++";
				CLANG_ENABLE_MODULES = YES;
				CLANG_ENABLE_OBJC_ARC = YES;
				CLANG_WARN_BOOL_CONVERSION = YES;
				CLANG_WARN_CONSTANT_CONVERSION = YES;
				CLANG_WARN_DIRECT_OBJC_ISA_USAGE = YES_ERROR;
				CLANG_WARN_EMPTY_BODY = YES;
				CLANG_WARN_ENUM_CONVERSION = YES;
				CLANG_WARN_INT_CONVERSION = YES;
				CLANG_WARN_OBJC_ROOT_CLASS = YES_ERROR;
				CLANG_WARN_UNREACHABLE_CODE = YES;
				CLANG_WARN__DUPLICATE_METHOD_MATCH = YES;
				COPY_PHASE_STRIP = NO;
				ENABLE_STRICT_OBJC_MSGSEND = YES;
				GCC_C_LANGUAGE_STANDARD = gnu99;
				GCC_DYNAMIC_NO_PIC = NO;
				GCC_OPTIMIZATION_LEVEL = 0;
				GCC_PREPROCESSOR_DEFINITIONS = (
					"DEBUG=1",
					"$(inherited)",
				);
				GCC_SYMBOLS_PRIVATE_EXTERN = NO;
				GCC_WARN_64_TO_32_BIT_CONVERSION = YES;
				GCC_WARN_ABOUT_RETURN_TYPE = YES_ERROR;
				GCC_WARN_UNDECLARED_SELECTOR = YES;
				GCC_WARN_UNINITIALIZED_AUTOS = YES_AGGRESSIVE;
				GCC_WARN_UNUSED_FUNCTION = YES;
				GCC_WARN_UNUSED_VARIABLE = YES;
				MACOSX_DEPLOYMENT_TARGET = 10.10;
				MTL_ENABLE_DEBUG_INFO = YES;
				ONLY_ACTIVE_ARCH = YES;
				SDKROOT = macosx;
			};
			name = Debug;
		};
		01D215C319F9A33200D27B32 /* Release */ = {
			isa = XCBuildConfiguration;
			buildSettings = {
				ALWAYS_SEARCH_USER_PATHS = NO;
				CLANG_CXX_LANGUAGE_STANDARD = "gnu++0x";
				CLANG_CXX_LIBRARY = "libc++";
				CLANG_ENABLE_MODULES = YES;
				CLANG_ENABLE_OBJC_ARC = YES;
				CLANG_WARN_BOOL_CONVERSION = YES;
				CLANG_WARN_CONSTANT_CONVERSION = YES;
				CLANG_WARN_DIRECT_OBJC_ISA_USAGE = YES_ERROR;
				CLANG_WARN_EMPTY_BODY = YES;
				CLANG_WARN_ENUM_CONVERSION = YES;
				CLANG_WARN_INT_CONVERSION = YES;
				CLANG_WARN_OBJC_ROOT_CLASS = YES_ERROR;
				CLANG_WARN_UNREACHABLE_CODE = YES;
				CLANG_WARN__DUPLICATE_METHOD_MATCH = YES;
				COPY_PHASE_STRIP = YES;
				DEBUG_INFORMATION_FORMAT = "dwarf-with-dsym";
				ENABLE_NS_ASSERTIONS = NO;
				ENABLE_STRICT_OBJC_MSGSEND = YES;
				GCC_C_LANGUAGE_STANDARD = gnu99;
				GCC_WARN_64_TO_32_BIT_CONVERSION = YES;
				GCC_WARN_ABOUT_RETURN_TYPE = YES_ERROR;
				GCC_WARN_UNDECLARED_SELECTOR = YES;
				GCC_WARN_UNINITIALIZED_AUTOS = YES_AGGRESSIVE;
				GCC_WARN_UNUSED_FUNCTION = YES;
				GCC_WARN_UNUSED_VARIABLE = YES;
				MACOSX_DEPLOYMENT_TARGET = 10.10;
				MTL_ENABLE_DEBUG_INFO = NO;
				SDKROOT = macosx;
			};
			name = Release;
		};
		01D215C519F9A33200D27B32 /* Debug */ = {
			isa = XCBuildConfiguration;
			buildSettings = {
				PRODUCT_NAME = "$(TARGET_NAME)";
			};
			name = Debug;
		};
		01D215C619F9A33200D27B32 /* Release */ = {
			isa = XCBuildConfiguration;
			buildSettings = {
				PRODUCT_NAME = "$(TARGET_NAME)";
			};
			name = Release;
		};
/* End XCBuildConfiguration section */

/* Begin XCConfigurationList section */
		01D215B819F9A33200D27B32 /* Build configuration list for PBXProject "02.TODOs" */ = {
			isa = XCConfigurationList;
			buildConfigurations = (
				01D215C219F9A33200D27B32 /* Debug */,
				01D215C319F9A33200D27B32 /* Release */,
			);
			defaultConfigurationIsVisible = 0;
			defaultConfigurationName = Release;
		};
		01D215C419F9A33200D27B32 /* Build configuration list for PBXNativeTarget "02.TODOs" */ = {
			isa = XCConfigurationList;
			buildConfigurations = (
				01D215C519F9A33200D27B32 /* Debug */,
				01D215C619F9A33200D27B32 /* Release */,
			);
			defaultConfigurationIsVisible = 0;
		};
/* End XCConfigurationList section */
	};
	rootObject = 01D215B519F9A33200D27B32 /* Project object */;
}
